
Microsoft Visual Studio Solution File, Format Version 11.00
# Visual C++ Express 2010
Project("{8BC9CEB8-8B4A-11D0-8D11-00A0C91BC942}") = "Day07(200102)", "Day07(200102)\Day07(200102).vcxproj", "{DCB6EEC8-EADB-46E8-8832-C9190FF44929}"
EndProject
Global
	GlobalSection(SolutionConfigurationPlatforms) = preSolution
		Debug|Win32 = Debug|Win32
		Release|Win32 = Release|Win32
	EndGlobalSection
	GlobalSection(ProjectConfigurationPlatforms) = postSolution
		{DCB6EEC8-EADB-46E8-8832-C9190FF44929}.Debug|Win32.ActiveCfg = Debug|Win32
		{DCB6EEC8-EADB-46E8-8832-C9190FF44929}.Debug|Win32.Build.0 = Debug|Win32
		{DCB6EEC8-EADB-46E8-8832-C9190FF44929}.Release|Win32.ActiveCfg = Release|Win32
		{DCB6EEC8-EADB-46E8-8832-C9190FF44929}.Release|Win32.Build.0 = Release|Win32
	EndGlobalSection
	GlobalSection(SolutionProperties) = preSolution
		HideSolutionNode = FALSE
	EndGlobalSection
EndGlobal
