
Microsoft Visual Studio Solution File, Format Version 11.00
# Visual C++ Express 2010
Project("{8BC9CEB8-8B4A-11D0-8D11-00A0C91BC942}") = "Day10(200107)", "Day10(200107)\Day10(200107).vcxproj", "{C9D66F35-2CF2-44C2-A4F3-657925C97BA6}"
EndProject
Global
	GlobalSection(SolutionConfigurationPlatforms) = preSolution
		Debug|Win32 = Debug|Win32
		Release|Win32 = Release|Win32
	EndGlobalSection
	GlobalSection(ProjectConfigurationPlatforms) = postSolution
		{C9D66F35-2CF2-44C2-A4F3-657925C97BA6}.Debug|Win32.ActiveCfg = Debug|Win32
		{C9D66F35-2CF2-44C2-A4F3-657925C97BA6}.Debug|Win32.Build.0 = Debug|Win32
		{C9D66F35-2CF2-44C2-A4F3-657925C97BA6}.Release|Win32.ActiveCfg = Release|Win32
		{C9D66F35-2CF2-44C2-A4F3-657925C97BA6}.Release|Win32.Build.0 = Release|Win32
	EndGlobalSection
	GlobalSection(SolutionProperties) = preSolution
		HideSolutionNode = FALSE
	EndGlobalSection
EndGlobal
