
Microsoft Visual Studio Solution File, Format Version 12.00
# Visual Studio Version 16
VisualStudioVersion = 16.0.29709.97
MinimumVisualStudioVersion = 10.0.40219.1
Project("{8BC9CEB8-8B4A-11D0-8D11-00A0C91BC942}") = "Day14", "Day14\Day14.vcxproj", "{AED08B43-6799-4D9A-A3F9-1C32A9A79E39}"
EndProject
Global
	GlobalSection(SolutionConfigurationPlatforms) = preSolution
		Debug|x64 = Debug|x64
		Debug|x86 = Debug|x86
		Release|x64 = Release|x64
		Release|x86 = Release|x86
	EndGlobalSection
	GlobalSection(ProjectConfigurationPlatforms) = postSolution
		{AED08B43-6799-4D9A-A3F9-1C32A9A79E39}.Debug|x64.ActiveCfg = Debug|x64
		{AED08B43-6799-4D9A-A3F9-1C32A9A79E39}.Debug|x64.Build.0 = Debug|x64
		{AED08B43-6799-4D9A-A3F9-1C32A9A79E39}.Debug|x86.ActiveCfg = Debug|Win32
		{AED08B43-6799-4D9A-A3F9-1C32A9A79E39}.Debug|x86.Build.0 = Debug|Win32
		{AED08B43-6799-4D9A-A3F9-1C32A9A79E39}.Release|x64.ActiveCfg = Release|x64
		{AED08B43-6799-4D9A-A3F9-1C32A9A79E39}.Release|x64.Build.0 = Release|x64
		{AED08B43-6799-4D9A-A3F9-1C32A9A79E39}.Release|x86.ActiveCfg = Release|Win32
		{AED08B43-6799-4D9A-A3F9-1C32A9A79E39}.Release|x86.Build.0 = Release|Win32
	EndGlobalSection
	GlobalSection(SolutionProperties) = preSolution
		HideSolutionNode = FALSE
	EndGlobalSection
	GlobalSection(ExtensibilityGlobals) = postSolution
		SolutionGuid = {3084C4FF-B2BC-4017-9F28-292DA9D0436D}
	EndGlobalSection
EndGlobal
